
Microsoft Visual Studio Solution File, Format Version 12.00
# Visual Studio Version 16
VisualStudioVersion = 16.0.31515.178
MinimumVisualStudioVersion = 10.0.40219.1
Project("{FAE04EC0-301F-11D3-BF4B-00C04F79EFBC}") = "SELS", "SELS\SELS.csproj", "{F22347CC-959F-45CB-8404-C798284648D8}"
EndProject
Project("{FAE04EC0-301F-11D3-BF4B-00C04F79EFBC}") = "Logger", "Logger\Logger.csproj", "{C3E1080C-8C03-41DE-AF73-3B68C24DA889}"
EndProject
Project("{FAE04EC0-301F-11D3-BF4B-00C04F79EFBC}") = "Manager_BL", "Manager_BL\Manager_BL.csproj", "{E0055163-3DB5-45D7-BD7E-A4D999B3A8BC}"
EndProject
Project("{FAE04EC0-301F-11D3-BF4B-00C04F79EFBC}") = "Database_DL", "Database_DL\Database_DL.csproj", "{17E20823-96F5-44DC-ABBE-B2CD01A709E8}"
EndProject
Project("{FAE04EC0-301F-11D3-BF4B-00C04F79EFBC}") = "SELS_Models", "SELS_Models\SELS_Models.csproj", "{5E706295-5597-4B56-942A-3D4818088030}"
EndProject
Global
	GlobalSection(SolutionConfigurationPlatforms) = preSolution
		Debug|Any CPU = Debug|Any CPU
		Release|Any CPU = Release|Any CPU
	EndGlobalSection
	GlobalSection(ProjectConfigurationPlatforms) = postSolution
		{F22347CC-959F-45CB-8404-C798284648D8}.Debug|Any CPU.ActiveCfg = Debug|Any CPU
		{F22347CC-959F-45CB-8404-C798284648D8}.Debug|Any CPU.Build.0 = Debug|Any CPU
		{F22347CC-959F-45CB-8404-C798284648D8}.Release|Any CPU.ActiveCfg = Release|Any CPU
		{F22347CC-959F-45CB-8404-C798284648D8}.Release|Any CPU.Build.0 = Release|Any CPU
		{C3E1080C-8C03-41DE-AF73-3B68C24DA889}.Debug|Any CPU.ActiveCfg = Debug|Any CPU
		{C3E1080C-8C03-41DE-AF73-3B68C24DA889}.Debug|Any CPU.Build.0 = Debug|Any CPU
		{C3E1080C-8C03-41DE-AF73-3B68C24DA889}.Release|Any CPU.ActiveCfg = Release|Any CPU
		{C3E1080C-8C03-41DE-AF73-3B68C24DA889}.Release|Any CPU.Build.0 = Release|Any CPU
		{E0055163-3DB5-45D7-BD7E-A4D999B3A8BC}.Debug|Any CPU.ActiveCfg = Debug|Any CPU
		{E0055163-3DB5-45D7-BD7E-A4D999B3A8BC}.Debug|Any CPU.Build.0 = Debug|Any CPU
		{E0055163-3DB5-45D7-BD7E-A4D999B3A8BC}.Release|Any CPU.ActiveCfg = Release|Any CPU
		{E0055163-3DB5-45D7-BD7E-A4D999B3A8BC}.Release|Any CPU.Build.0 = Release|Any CPU
		{17E20823-96F5-44DC-ABBE-B2CD01A709E8}.Debug|Any CPU.ActiveCfg = Debug|Any CPU
		{17E20823-96F5-44DC-ABBE-B2CD01A709E8}.Debug|Any CPU.Build.0 = Debug|Any CPU
		{17E20823-96F5-44DC-ABBE-B2CD01A709E8}.Release|Any CPU.ActiveCfg = Release|Any CPU
		{17E20823-96F5-44DC-ABBE-B2CD01A709E8}.Release|Any CPU.Build.0 = Release|Any CPU
		{5E706295-5597-4B56-942A-3D4818088030}.Debug|Any CPU.ActiveCfg = Debug|Any CPU
		{5E706295-5597-4B56-942A-3D4818088030}.Debug|Any CPU.Build.0 = Debug|Any CPU
		{5E706295-5597-4B56-942A-3D4818088030}.Release|Any CPU.ActiveCfg = Release|Any CPU
		{5E706295-5597-4B56-942A-3D4818088030}.Release|Any CPU.Build.0 = Release|Any CPU
	EndGlobalSection
	GlobalSection(SolutionProperties) = preSolution
		HideSolutionNode = FALSE
	EndGlobalSection
	GlobalSection(ExtensibilityGlobals) = postSolution
		SolutionGuid = {25EB5BBC-48E7-431B-B807-B100BB0269B3}
	EndGlobalSection
EndGlobal
